
Microsoft Visual Studio Solution File, Format Version 12.00
# Visual Studio Version 17
VisualStudioVersion = 17.4.33403.182
MinimumVisualStudioVersion = 10.0.40219.1
Project("{F184B08F-C81C-45F6-A57F-5ABD9991F28F}") = "7-If Statements", "7-If Statements.vbproj", "{4CD06380-8B21-4097-878F-28E2559CC300}"
EndProject
Global
	GlobalSection(SolutionConfigurationPlatforms) = preSolution
		Debug|Any CPU = Debug|Any CPU
		Release|Any CPU = Release|Any CPU
	EndGlobalSection
	GlobalSection(ProjectConfigurationPlatforms) = postSolution
		{4CD06380-8B21-4097-878F-28E2559CC300}.Debug|Any CPU.ActiveCfg = Debug|Any CPU
		{4CD06380-8B21-4097-878F-28E2559CC300}.Debug|Any CPU.Build.0 = Debug|Any CPU
		{4CD06380-8B21-4097-878F-28E2559CC300}.Release|Any CPU.ActiveCfg = Release|Any CPU
		{4CD06380-8B21-4097-878F-28E2559CC300}.Release|Any CPU.Build.0 = Release|Any CPU
	EndGlobalSection
	GlobalSection(SolutionProperties) = preSolution
		HideSolutionNode = FALSE
	EndGlobalSection
	GlobalSection(ExtensibilityGlobals) = postSolution
		SolutionGuid = {9C38D1BF-5D4F-471F-9BB7-7D7F9C8739B5}
	EndGlobalSection
EndGlobal
