
Microsoft Visual Studio Solution File, Format Version 12.00
# Visual Studio Version 17
VisualStudioVersion = 17.4.33403.182
MinimumVisualStudioVersion = 10.0.40219.1
Project("{F184B08F-C81C-45F6-A57F-5ABD9991F28F}") = "ConsoleApp1", "ConsoleApp1.vbproj", "{0510CCF6-8196-4B36-B183-71B58EDACB7F}"
EndProject
Global
	GlobalSection(SolutionConfigurationPlatforms) = preSolution
		Debug|Any CPU = Debug|Any CPU
		Release|Any CPU = Release|Any CPU
	EndGlobalSection
	GlobalSection(ProjectConfigurationPlatforms) = postSolution
		{0510CCF6-8196-4B36-B183-71B58EDACB7F}.Debug|Any CPU.ActiveCfg = Debug|Any CPU
		{0510CCF6-8196-4B36-B183-71B58EDACB7F}.Debug|Any CPU.Build.0 = Debug|Any CPU
		{0510CCF6-8196-4B36-B183-71B58EDACB7F}.Release|Any CPU.ActiveCfg = Release|Any CPU
		{0510CCF6-8196-4B36-B183-71B58EDACB7F}.Release|Any CPU.Build.0 = Release|Any CPU
	EndGlobalSection
	GlobalSection(SolutionProperties) = preSolution
		HideSolutionNode = FALSE
	EndGlobalSection
	GlobalSection(ExtensibilityGlobals) = postSolution
		SolutionGuid = {67046985-999D-470F-AFB8-B664BB0955B2}
	EndGlobalSection
EndGlobal
