
Microsoft Visual Studio Solution File, Format Version 12.00
# Visual Studio Version 17
VisualStudioVersion = 17.5.33516.290
MinimumVisualStudioVersion = 10.0.40219.1
Project("{8BC9CEB8-8B4A-11D0-8D11-00A0C91BC942}") = "C++ Basics", "C++ Basics\C++ Basics.vcxproj", "{4F436889-C12D-428B-A5D3-B6A1CDA6712F}"
EndProject
Global
	GlobalSection(SolutionConfigurationPlatforms) = preSolution
		Debug|x64 = Debug|x64
		Debug|x86 = Debug|x86
		Release|x64 = Release|x64
		Release|x86 = Release|x86
	EndGlobalSection
	GlobalSection(ProjectConfigurationPlatforms) = postSolution
		{4F436889-C12D-428B-A5D3-B6A1CDA6712F}.Debug|x64.ActiveCfg = Debug|x64
		{4F436889-C12D-428B-A5D3-B6A1CDA6712F}.Debug|x64.Build.0 = Debug|x64
		{4F436889-C12D-428B-A5D3-B6A1CDA6712F}.Debug|x86.ActiveCfg = Debug|Win32
		{4F436889-C12D-428B-A5D3-B6A1CDA6712F}.Debug|x86.Build.0 = Debug|Win32
		{4F436889-C12D-428B-A5D3-B6A1CDA6712F}.Release|x64.ActiveCfg = Release|x64
		{4F436889-C12D-428B-A5D3-B6A1CDA6712F}.Release|x64.Build.0 = Release|x64
		{4F436889-C12D-428B-A5D3-B6A1CDA6712F}.Release|x86.ActiveCfg = Release|Win32
		{4F436889-C12D-428B-A5D3-B6A1CDA6712F}.Release|x86.Build.0 = Release|Win32
	EndGlobalSection
	GlobalSection(SolutionProperties) = preSolution
		HideSolutionNode = FALSE
	EndGlobalSection
	GlobalSection(ExtensibilityGlobals) = postSolution
		SolutionGuid = {4A43DDCD-B920-4075-B0DF-E3A0E650FB6B}
	EndGlobalSection
EndGlobal
