
Microsoft Visual Studio Solution File, Format Version 12.00
# Visual Studio Version 17
VisualStudioVersion = 17.5.33516.290
MinimumVisualStudioVersion = 10.0.40219.1
Project("{9A19103F-16F7-4668-BE54-9A1E7A4F7556}") = "OOP Exercise", "Dog OOP\OOP Exercise.csproj", "{6EAFB0EF-FD11-4F72-81C2-4BCFFEFF83E8}"
EndProject
Global
	GlobalSection(SolutionConfigurationPlatforms) = preSolution
		Debug|Any CPU = Debug|Any CPU
		Release|Any CPU = Release|Any CPU
	EndGlobalSection
	GlobalSection(ProjectConfigurationPlatforms) = postSolution
		{6EAFB0EF-FD11-4F72-81C2-4BCFFEFF83E8}.Debug|Any CPU.ActiveCfg = Debug|Any CPU
		{6EAFB0EF-FD11-4F72-81C2-4BCFFEFF83E8}.Debug|Any CPU.Build.0 = Debug|Any CPU
		{6EAFB0EF-FD11-4F72-81C2-4BCFFEFF83E8}.Release|Any CPU.ActiveCfg = Release|Any CPU
		{6EAFB0EF-FD11-4F72-81C2-4BCFFEFF83E8}.Release|Any CPU.Build.0 = Release|Any CPU
	EndGlobalSection
	GlobalSection(SolutionProperties) = preSolution
		HideSolutionNode = FALSE
	EndGlobalSection
	GlobalSection(ExtensibilityGlobals) = postSolution
		SolutionGuid = {77C00E39-025B-44AC-8E81-B2D6B12A15DD}
	EndGlobalSection
EndGlobal
