
Microsoft Visual Studio Solution File, Format Version 12.00
# Visual Studio Version 17
VisualStudioVersion = 17.4.33403.182
MinimumVisualStudioVersion = 10.0.40219.1
Project("{F184B08F-C81C-45F6-A57F-5ABD9991F28F}") = "Variables Practice", "Variables Practice.vbproj", "{7A43AD92-97DD-4407-BF08-8BF2408AF274}"
EndProject
Global
	GlobalSection(SolutionConfigurationPlatforms) = preSolution
		Debug|Any CPU = Debug|Any CPU
		Release|Any CPU = Release|Any CPU
	EndGlobalSection
	GlobalSection(ProjectConfigurationPlatforms) = postSolution
		{7A43AD92-97DD-4407-BF08-8BF2408AF274}.Debug|Any CPU.ActiveCfg = Debug|Any CPU
		{7A43AD92-97DD-4407-BF08-8BF2408AF274}.Debug|Any CPU.Build.0 = Debug|Any CPU
		{7A43AD92-97DD-4407-BF08-8BF2408AF274}.Release|Any CPU.ActiveCfg = Release|Any CPU
		{7A43AD92-97DD-4407-BF08-8BF2408AF274}.Release|Any CPU.Build.0 = Release|Any CPU
	EndGlobalSection
	GlobalSection(SolutionProperties) = preSolution
		HideSolutionNode = FALSE
	EndGlobalSection
	GlobalSection(ExtensibilityGlobals) = postSolution
		SolutionGuid = {6636BD00-B359-4D9E-A60E-36538C33BCC9}
	EndGlobalSection
EndGlobal
