
Microsoft Visual Studio Solution File, Format Version 12.00
# Visual Studio Version 17
VisualStudioVersion = 17.4.33403.182
MinimumVisualStudioVersion = 10.0.40219.1
Project("{F184B08F-C81C-45F6-A57F-5ABD9991F28F}") = "Factorial Breakdown", "Factorial Breakdown.vbproj", "{A14C991D-A8C6-4E75-81F2-1EC0668DADB6}"
EndProject
Global
	GlobalSection(SolutionConfigurationPlatforms) = preSolution
		Debug|Any CPU = Debug|Any CPU
		Release|Any CPU = Release|Any CPU
	EndGlobalSection
	GlobalSection(ProjectConfigurationPlatforms) = postSolution
		{A14C991D-A8C6-4E75-81F2-1EC0668DADB6}.Debug|Any CPU.ActiveCfg = Debug|Any CPU
		{A14C991D-A8C6-4E75-81F2-1EC0668DADB6}.Debug|Any CPU.Build.0 = Debug|Any CPU
		{A14C991D-A8C6-4E75-81F2-1EC0668DADB6}.Release|Any CPU.ActiveCfg = Release|Any CPU
		{A14C991D-A8C6-4E75-81F2-1EC0668DADB6}.Release|Any CPU.Build.0 = Release|Any CPU
	EndGlobalSection
	GlobalSection(SolutionProperties) = preSolution
		HideSolutionNode = FALSE
	EndGlobalSection
	GlobalSection(ExtensibilityGlobals) = postSolution
		SolutionGuid = {ED298FC8-B6A7-42AB-99FB-4D7B9556B22A}
	EndGlobalSection
EndGlobal
