
Microsoft Visual Studio Solution File, Format Version 12.00
# Visual Studio Version 17
VisualStudioVersion = 17.5.33516.290
MinimumVisualStudioVersion = 10.0.40219.1
Project("{8BC9CEB8-8B4A-11D0-8D11-00A0C91BC942}") = "Pointers Practice", "Pointers Practice\Pointers Practice.vcxproj", "{68603B48-0030-4F21-967C-BD4D04C825A3}"
EndProject
Global
	GlobalSection(SolutionConfigurationPlatforms) = preSolution
		Debug|x64 = Debug|x64
		Debug|x86 = Debug|x86
		Release|x64 = Release|x64
		Release|x86 = Release|x86
	EndGlobalSection
	GlobalSection(ProjectConfigurationPlatforms) = postSolution
		{68603B48-0030-4F21-967C-BD4D04C825A3}.Debug|x64.ActiveCfg = Debug|x64
		{68603B48-0030-4F21-967C-BD4D04C825A3}.Debug|x64.Build.0 = Debug|x64
		{68603B48-0030-4F21-967C-BD4D04C825A3}.Debug|x86.ActiveCfg = Debug|Win32
		{68603B48-0030-4F21-967C-BD4D04C825A3}.Debug|x86.Build.0 = Debug|Win32
		{68603B48-0030-4F21-967C-BD4D04C825A3}.Release|x64.ActiveCfg = Release|x64
		{68603B48-0030-4F21-967C-BD4D04C825A3}.Release|x64.Build.0 = Release|x64
		{68603B48-0030-4F21-967C-BD4D04C825A3}.Release|x86.ActiveCfg = Release|Win32
		{68603B48-0030-4F21-967C-BD4D04C825A3}.Release|x86.Build.0 = Release|Win32
	EndGlobalSection
	GlobalSection(SolutionProperties) = preSolution
		HideSolutionNode = FALSE
	EndGlobalSection
	GlobalSection(ExtensibilityGlobals) = postSolution
		SolutionGuid = {886D8F14-BE99-43C2-BD65-4B1106295EA1}
	EndGlobalSection
EndGlobal
