
Microsoft Visual Studio Solution File, Format Version 12.00
# Visual Studio Version 17
VisualStudioVersion = 17.4.33403.182
MinimumVisualStudioVersion = 10.0.40219.1
Project("{F184B08F-C81C-45F6-A57F-5ABD9991F28F}") = "Arrays", "Arrays.vbproj", "{832A0A0B-5A56-439D-B90E-12A976B759A0}"
EndProject
Global
	GlobalSection(SolutionConfigurationPlatforms) = preSolution
		Debug|Any CPU = Debug|Any CPU
		Release|Any CPU = Release|Any CPU
	EndGlobalSection
	GlobalSection(ProjectConfigurationPlatforms) = postSolution
		{832A0A0B-5A56-439D-B90E-12A976B759A0}.Debug|Any CPU.ActiveCfg = Debug|Any CPU
		{832A0A0B-5A56-439D-B90E-12A976B759A0}.Debug|Any CPU.Build.0 = Debug|Any CPU
		{832A0A0B-5A56-439D-B90E-12A976B759A0}.Release|Any CPU.ActiveCfg = Release|Any CPU
		{832A0A0B-5A56-439D-B90E-12A976B759A0}.Release|Any CPU.Build.0 = Release|Any CPU
	EndGlobalSection
	GlobalSection(SolutionProperties) = preSolution
		HideSolutionNode = FALSE
	EndGlobalSection
	GlobalSection(ExtensibilityGlobals) = postSolution
		SolutionGuid = {89CD16CF-955F-4EDC-8BE8-E7B9EAFAB6C4}
	EndGlobalSection
EndGlobal
