
Microsoft Visual Studio Solution File, Format Version 12.00
# Visual Studio Version 17
VisualStudioVersion = 17.4.33403.182
MinimumVisualStudioVersion = 10.0.40219.1
Project("{FAE04EC0-301F-11D3-BF4B-00C04F79EFBC}") = "Returns Practice", "Returns Practice\Returns Practice.csproj", "{3512D5F3-5CEC-4544-B27B-B82F8A17D11E}"
EndProject
Global
	GlobalSection(SolutionConfigurationPlatforms) = preSolution
		Debug|Any CPU = Debug|Any CPU
		Release|Any CPU = Release|Any CPU
	EndGlobalSection
	GlobalSection(ProjectConfigurationPlatforms) = postSolution
		{3512D5F3-5CEC-4544-B27B-B82F8A17D11E}.Debug|Any CPU.ActiveCfg = Debug|Any CPU
		{3512D5F3-5CEC-4544-B27B-B82F8A17D11E}.Debug|Any CPU.Build.0 = Debug|Any CPU
		{3512D5F3-5CEC-4544-B27B-B82F8A17D11E}.Release|Any CPU.ActiveCfg = Release|Any CPU
		{3512D5F3-5CEC-4544-B27B-B82F8A17D11E}.Release|Any CPU.Build.0 = Release|Any CPU
	EndGlobalSection
	GlobalSection(SolutionProperties) = preSolution
		HideSolutionNode = FALSE
	EndGlobalSection
	GlobalSection(ExtensibilityGlobals) = postSolution
		SolutionGuid = {1C517FF3-80AF-44B8-AF1D-B90B4D24A487}
	EndGlobalSection
EndGlobal
