
Microsoft Visual Studio Solution File, Format Version 12.00
# Visual Studio Version 17
VisualStudioVersion = 17.4.33403.182
MinimumVisualStudioVersion = 10.0.40219.1
Project("{FAE04EC0-301F-11D3-BF4B-00C04F79EFBC}") = "Methods Exercises", "Methods Exercises\Methods Exercises.csproj", "{776BCD73-E704-4ECC-9128-313844DA6520}"
EndProject
Global
	GlobalSection(SolutionConfigurationPlatforms) = preSolution
		Debug|Any CPU = Debug|Any CPU
		Release|Any CPU = Release|Any CPU
	EndGlobalSection
	GlobalSection(ProjectConfigurationPlatforms) = postSolution
		{776BCD73-E704-4ECC-9128-313844DA6520}.Debug|Any CPU.ActiveCfg = Debug|Any CPU
		{776BCD73-E704-4ECC-9128-313844DA6520}.Debug|Any CPU.Build.0 = Debug|Any CPU
		{776BCD73-E704-4ECC-9128-313844DA6520}.Release|Any CPU.ActiveCfg = Release|Any CPU
		{776BCD73-E704-4ECC-9128-313844DA6520}.Release|Any CPU.Build.0 = Release|Any CPU
	EndGlobalSection
	GlobalSection(SolutionProperties) = preSolution
		HideSolutionNode = FALSE
	EndGlobalSection
	GlobalSection(ExtensibilityGlobals) = postSolution
		SolutionGuid = {4FC7FABF-F14C-48A8-9410-89237A2B0AEB}
	EndGlobalSection
EndGlobal
