
Microsoft Visual Studio Solution File, Format Version 12.00
# Visual Studio Version 17
VisualStudioVersion = 17.4.33110.190
MinimumVisualStudioVersion = 10.0.40219.1
Project("{FAE04EC0-301F-11D3-BF4B-00C04F79EFBC}") = "Practice", "Practice\Practice.csproj", "{F2644B1A-E355-4FDA-AE3D-5F9485D1E5D0}"
EndProject
Global
	GlobalSection(SolutionConfigurationPlatforms) = preSolution
		Debug|Any CPU = Debug|Any CPU
		Release|Any CPU = Release|Any CPU
	EndGlobalSection
	GlobalSection(ProjectConfigurationPlatforms) = postSolution
		{F2644B1A-E355-4FDA-AE3D-5F9485D1E5D0}.Debug|Any CPU.ActiveCfg = Debug|Any CPU
		{F2644B1A-E355-4FDA-AE3D-5F9485D1E5D0}.Debug|Any CPU.Build.0 = Debug|Any CPU
		{F2644B1A-E355-4FDA-AE3D-5F9485D1E5D0}.Release|Any CPU.ActiveCfg = Release|Any CPU
		{F2644B1A-E355-4FDA-AE3D-5F9485D1E5D0}.Release|Any CPU.Build.0 = Release|Any CPU
	EndGlobalSection
	GlobalSection(SolutionProperties) = preSolution
		HideSolutionNode = FALSE
	EndGlobalSection
	GlobalSection(ExtensibilityGlobals) = postSolution
		SolutionGuid = {F87B3F24-7232-425D-B60B-B7F220FE5360}
	EndGlobalSection
EndGlobal
