
Microsoft Visual Studio Solution File, Format Version 12.00
# Visual Studio Version 17
VisualStudioVersion = 17.4.33403.182
MinimumVisualStudioVersion = 10.0.40219.1
Project("{9A19103F-16F7-4668-BE54-9A1E7A4F7556}") = "Arrays Exercises", "Arrays Exercises\Arrays Exercises.csproj", "{7E3B7813-FF84-4E09-98AA-68AF9886619A}"
EndProject
Global
	GlobalSection(SolutionConfigurationPlatforms) = preSolution
		Debug|Any CPU = Debug|Any CPU
		Release|Any CPU = Release|Any CPU
	EndGlobalSection
	GlobalSection(ProjectConfigurationPlatforms) = postSolution
		{7E3B7813-FF84-4E09-98AA-68AF9886619A}.Debug|Any CPU.ActiveCfg = Debug|Any CPU
		{7E3B7813-FF84-4E09-98AA-68AF9886619A}.Debug|Any CPU.Build.0 = Debug|Any CPU
		{7E3B7813-FF84-4E09-98AA-68AF9886619A}.Release|Any CPU.ActiveCfg = Release|Any CPU
		{7E3B7813-FF84-4E09-98AA-68AF9886619A}.Release|Any CPU.Build.0 = Release|Any CPU
	EndGlobalSection
	GlobalSection(SolutionProperties) = preSolution
		HideSolutionNode = FALSE
	EndGlobalSection
	GlobalSection(ExtensibilityGlobals) = postSolution
		SolutionGuid = {D53EA8ED-072C-4A0A-A012-88CD7082AFCE}
	EndGlobalSection
EndGlobal
